
Microsoft Visual Studio Solution File, Format Version 12.00
# Visual Studio Version 17
VisualStudioVersion = 17.8.34525.116
MinimumVisualStudioVersion = 10.0.40219.1
Project("{2150E333-8FDC-42A3-9474-1A3956D46DE8}") = "Core", "Core", "{FE7659A7-20DC-4DE3-91FA-7B6908045838}"
EndProject
Project("{FAE04EC0-301F-11D3-BF4B-00C04F79EFBC}") = "ETicaretAPI.Domain", "Core\ETicaretAPI.Domain\ETicaretAPI.Domain.csproj", "{4AD4CC69-A02C-497E-AAE4-D67903565AA4}"
EndProject
Project("{FAE04EC0-301F-11D3-BF4B-00C04F79EFBC}") = "ETicaretAPI.Application", "Core\ETicaretAPI.Application\ETicaretAPI.Application.csproj", "{60E54656-233E-4142-A9BF-C8833BE8719B}"
EndProject
Project("{2150E333-8FDC-42A3-9474-1A3956D46DE8}") = "Infrastructure", "Infrastructure", "{53916C5C-52CD-40BD-A661-086093C8F4E5}"
EndProject
Project("{2150E333-8FDC-42A3-9474-1A3956D46DE8}") = "Presentation", "Presentation", "{C4FCA79C-5AB9-4680-8E86-F12A766F3C4F}"
EndProject
Project("{FAE04EC0-301F-11D3-BF4B-00C04F79EFBC}") = "ETicaretAPI.API", "Presentation\ETicaretAPI.API\ETicaretAPI.API.csproj", "{613CBB00-6962-4CFA-BA91-0E7A10406AB5}"
EndProject
Project("{FAE04EC0-301F-11D3-BF4B-00C04F79EFBC}") = "ETicaretAPI.Infrastructure", "Infrastructure\ETicaretAPI.Infrastructure\ETicaretAPI.Infrastructure.csproj", "{49C33AB3-48A9-4C51-A018-62260934BC0C}"
EndProject
Project("{FAE04EC0-301F-11D3-BF4B-00C04F79EFBC}") = "ETicaretAPI.Persistence", "Infrastructure\ETicaretAPI.Persistence\ETicaretAPI.Persistence.csproj", "{2DF4BA47-BE51-4A76-84F1-68BD864DE509}"
EndProject
Global
	GlobalSection(SolutionConfigurationPlatforms) = preSolution
		Debug|Any CPU = Debug|Any CPU
		Release|Any CPU = Release|Any CPU
	EndGlobalSection
	GlobalSection(ProjectConfigurationPlatforms) = postSolution
		{4AD4CC69-A02C-497E-AAE4-D67903565AA4}.Debug|Any CPU.ActiveCfg = Debug|Any CPU
		{4AD4CC69-A02C-497E-AAE4-D67903565AA4}.Debug|Any CPU.Build.0 = Debug|Any CPU
		{4AD4CC69-A02C-497E-AAE4-D67903565AA4}.Release|Any CPU.ActiveCfg = Release|Any CPU
		{4AD4CC69-A02C-497E-AAE4-D67903565AA4}.Release|Any CPU.Build.0 = Release|Any CPU
		{60E54656-233E-4142-A9BF-C8833BE8719B}.Debug|Any CPU.ActiveCfg = Debug|Any CPU
		{60E54656-233E-4142-A9BF-C8833BE8719B}.Debug|Any CPU.Build.0 = Debug|Any CPU
		{60E54656-233E-4142-A9BF-C8833BE8719B}.Release|Any CPU.ActiveCfg = Release|Any CPU
		{60E54656-233E-4142-A9BF-C8833BE8719B}.Release|Any CPU.Build.0 = Release|Any CPU
		{613CBB00-6962-4CFA-BA91-0E7A10406AB5}.Debug|Any CPU.ActiveCfg = Debug|Any CPU
		{613CBB00-6962-4CFA-BA91-0E7A10406AB5}.Debug|Any CPU.Build.0 = Debug|Any CPU
		{613CBB00-6962-4CFA-BA91-0E7A10406AB5}.Release|Any CPU.ActiveCfg = Release|Any CPU
		{613CBB00-6962-4CFA-BA91-0E7A10406AB5}.Release|Any CPU.Build.0 = Release|Any CPU
		{49C33AB3-48A9-4C51-A018-62260934BC0C}.Debug|Any CPU.ActiveCfg = Debug|Any CPU
		{49C33AB3-48A9-4C51-A018-62260934BC0C}.Debug|Any CPU.Build.0 = Debug|Any CPU
		{49C33AB3-48A9-4C51-A018-62260934BC0C}.Release|Any CPU.ActiveCfg = Release|Any CPU
		{49C33AB3-48A9-4C51-A018-62260934BC0C}.Release|Any CPU.Build.0 = Release|Any CPU
		{2DF4BA47-BE51-4A76-84F1-68BD864DE509}.Debug|Any CPU.ActiveCfg = Debug|Any CPU
		{2DF4BA47-BE51-4A76-84F1-68BD864DE509}.Debug|Any CPU.Build.0 = Debug|Any CPU
		{2DF4BA47-BE51-4A76-84F1-68BD864DE509}.Release|Any CPU.ActiveCfg = Release|Any CPU
		{2DF4BA47-BE51-4A76-84F1-68BD864DE509}.Release|Any CPU.Build.0 = Release|Any CPU
	EndGlobalSection
	GlobalSection(SolutionProperties) = preSolution
		HideSolutionNode = FALSE
	EndGlobalSection
	GlobalSection(NestedProjects) = preSolution
		{4AD4CC69-A02C-497E-AAE4-D67903565AA4} = {FE7659A7-20DC-4DE3-91FA-7B6908045838}
		{60E54656-233E-4142-A9BF-C8833BE8719B} = {FE7659A7-20DC-4DE3-91FA-7B6908045838}
		{613CBB00-6962-4CFA-BA91-0E7A10406AB5} = {C4FCA79C-5AB9-4680-8E86-F12A766F3C4F}
		{49C33AB3-48A9-4C51-A018-62260934BC0C} = {53916C5C-52CD-40BD-A661-086093C8F4E5}
		{2DF4BA47-BE51-4A76-84F1-68BD864DE509} = {53916C5C-52CD-40BD-A661-086093C8F4E5}
	EndGlobalSection
	GlobalSection(ExtensibilityGlobals) = postSolution
		SolutionGuid = {CFB16815-C2E1-46DD-ACB5-EB7775C13C14}
	EndGlobalSection
EndGlobal
